
Microsoft Visual Studio Solution File, Format Version 12.00
# Visual Studio Version 17
VisualStudioVersion = 17.0.31903.59
MinimumVisualStudioVersion = 10.0.40219.1
Project("{2150E333-8FDC-42A3-9474-1A3956D46DE8}") = "src", "src", "{857120D4-0339-4B2A-8599-5F6ED315EEDA}"
EndProject
Project("{FAE04EC0-301F-11D3-BF4B-00C04F79EFBC}") = "Day01", "src\Day01\Day01.csproj", "{DFFF8CFB-4D56-4B46-9212-08B22F8CA4C8}"
EndProject
Project("{FAE04EC0-301F-11D3-BF4B-00C04F79EFBC}") = "Day02", "src\Day02\Day02.csproj", "{41F51881-D7BC-4B7B-8110-BD112290CBE3}"
EndProject
Project("{FAE04EC0-301F-11D3-BF4B-00C04F79EFBC}") = "Day03", "src\Day03\Day03.csproj", "{BF51ECBE-AF24-4946-B4DC-78A4ADCF07A9}"
EndProject
Project("{FAE04EC0-301F-11D3-BF4B-00C04F79EFBC}") = "Day04", "src\Day04\Day04.csproj", "{279C24AB-1D84-4EF3-93D8-C1BC89C2ACC6}"
EndProject
Project("{FAE04EC0-301F-11D3-BF4B-00C04F79EFBC}") = "Day05", "src\Day05\Day05.csproj", "{201F8645-26FC-463D-91A4-A205451A3942}"
EndProject
Project("{FAE04EC0-301F-11D3-BF4B-00C04F79EFBC}") = "Day06", "src\Day06\Day06.csproj", "{49352BC9-C061-42F4-92CE-90CC54FCA545}"
EndProject
Project("{FAE04EC0-301F-11D3-BF4B-00C04F79EFBC}") = "Day07", "src\Day07\Day07.csproj", "{A14EB474-0CD9-4A2F-98C6-FB0F667DD02B}"
EndProject
Project("{FAE04EC0-301F-11D3-BF4B-00C04F79EFBC}") = "Day08", "src\Day08\Day08.csproj", "{7B564580-1598-4F0E-B162-8C0984306DD5}"
EndProject
Project("{FAE04EC0-301F-11D3-BF4B-00C04F79EFBC}") = "Day09", "src\Day09\Day09.csproj", "{BAA2CBB8-A1E5-4BBF-8455-503C67F5FC42}"
EndProject
Project("{FAE04EC0-301F-11D3-BF4B-00C04F79EFBC}") = "Day10", "src\Day10\Day10.csproj", "{1B82DA4C-CC79-47E0-AFA9-D04CC79927B3}"
EndProject
Project("{FAE04EC0-301F-11D3-BF4B-00C04F79EFBC}") = "Day11", "src\Day11\Day11.csproj", "{5EA7915D-ED50-475C-A0D6-1DF534488DBB}"
EndProject
Project("{FAE04EC0-301F-11D3-BF4B-00C04F79EFBC}") = "Day12", "src\Day12\Day12.csproj", "{374B15EE-9F24-4977-BDDC-F38EEB2786D1}"
EndProject
Project("{FAE04EC0-301F-11D3-BF4B-00C04F79EFBC}") = "Day13", "src\Day13\Day13.csproj", "{62078710-99F2-4325-9EC2-8436154D09B2}"
EndProject
Global
	GlobalSection(SolutionConfigurationPlatforms) = preSolution
		Debug|Any CPU = Debug|Any CPU
		Release|Any CPU = Release|Any CPU
	EndGlobalSection
	GlobalSection(SolutionProperties) = preSolution
		HideSolutionNode = FALSE
	EndGlobalSection
	GlobalSection(ProjectConfigurationPlatforms) = postSolution
		{DFFF8CFB-4D56-4B46-9212-08B22F8CA4C8}.Debug|Any CPU.ActiveCfg = Debug|Any CPU
		{DFFF8CFB-4D56-4B46-9212-08B22F8CA4C8}.Debug|Any CPU.Build.0 = Debug|Any CPU
		{DFFF8CFB-4D56-4B46-9212-08B22F8CA4C8}.Release|Any CPU.ActiveCfg = Release|Any CPU
		{DFFF8CFB-4D56-4B46-9212-08B22F8CA4C8}.Release|Any CPU.Build.0 = Release|Any CPU
		{41F51881-D7BC-4B7B-8110-BD112290CBE3}.Debug|Any CPU.ActiveCfg = Debug|Any CPU
		{41F51881-D7BC-4B7B-8110-BD112290CBE3}.Debug|Any CPU.Build.0 = Debug|Any CPU
		{41F51881-D7BC-4B7B-8110-BD112290CBE3}.Release|Any CPU.ActiveCfg = Release|Any CPU
		{41F51881-D7BC-4B7B-8110-BD112290CBE3}.Release|Any CPU.Build.0 = Release|Any CPU
		{BF51ECBE-AF24-4946-B4DC-78A4ADCF07A9}.Debug|Any CPU.ActiveCfg = Debug|Any CPU
		{BF51ECBE-AF24-4946-B4DC-78A4ADCF07A9}.Debug|Any CPU.Build.0 = Debug|Any CPU
		{BF51ECBE-AF24-4946-B4DC-78A4ADCF07A9}.Release|Any CPU.ActiveCfg = Release|Any CPU
		{BF51ECBE-AF24-4946-B4DC-78A4ADCF07A9}.Release|Any CPU.Build.0 = Release|Any CPU
		{279C24AB-1D84-4EF3-93D8-C1BC89C2ACC6}.Debug|Any CPU.ActiveCfg = Debug|Any CPU
		{279C24AB-1D84-4EF3-93D8-C1BC89C2ACC6}.Debug|Any CPU.Build.0 = Debug|Any CPU
		{279C24AB-1D84-4EF3-93D8-C1BC89C2ACC6}.Release|Any CPU.ActiveCfg = Release|Any CPU
		{279C24AB-1D84-4EF3-93D8-C1BC89C2ACC6}.Release|Any CPU.Build.0 = Release|Any CPU
		{201F8645-26FC-463D-91A4-A205451A3942}.Debug|Any CPU.ActiveCfg = Debug|Any CPU
		{201F8645-26FC-463D-91A4-A205451A3942}.Debug|Any CPU.Build.0 = Debug|Any CPU
		{201F8645-26FC-463D-91A4-A205451A3942}.Release|Any CPU.ActiveCfg = Release|Any CPU
		{201F8645-26FC-463D-91A4-A205451A3942}.Release|Any CPU.Build.0 = Release|Any CPU
		{49352BC9-C061-42F4-92CE-90CC54FCA545}.Debug|Any CPU.ActiveCfg = Debug|Any CPU
		{49352BC9-C061-42F4-92CE-90CC54FCA545}.Debug|Any CPU.Build.0 = Debug|Any CPU
		{49352BC9-C061-42F4-92CE-90CC54FCA545}.Release|Any CPU.ActiveCfg = Release|Any CPU
		{49352BC9-C061-42F4-92CE-90CC54FCA545}.Release|Any CPU.Build.0 = Release|Any CPU
		{A14EB474-0CD9-4A2F-98C6-FB0F667DD02B}.Debug|Any CPU.ActiveCfg = Debug|Any CPU
		{A14EB474-0CD9-4A2F-98C6-FB0F667DD02B}.Debug|Any CPU.Build.0 = Debug|Any CPU
		{A14EB474-0CD9-4A2F-98C6-FB0F667DD02B}.Release|Any CPU.ActiveCfg = Release|Any CPU
		{A14EB474-0CD9-4A2F-98C6-FB0F667DD02B}.Release|Any CPU.Build.0 = Release|Any CPU
		{7B564580-1598-4F0E-B162-8C0984306DD5}.Debug|Any CPU.ActiveCfg = Debug|Any CPU
		{7B564580-1598-4F0E-B162-8C0984306DD5}.Debug|Any CPU.Build.0 = Debug|Any CPU
		{7B564580-1598-4F0E-B162-8C0984306DD5}.Release|Any CPU.ActiveCfg = Release|Any CPU
		{7B564580-1598-4F0E-B162-8C0984306DD5}.Release|Any CPU.Build.0 = Release|Any CPU
		{BAA2CBB8-A1E5-4BBF-8455-503C67F5FC42}.Debug|Any CPU.ActiveCfg = Debug|Any CPU
		{BAA2CBB8-A1E5-4BBF-8455-503C67F5FC42}.Debug|Any CPU.Build.0 = Debug|Any CPU
		{BAA2CBB8-A1E5-4BBF-8455-503C67F5FC42}.Release|Any CPU.ActiveCfg = Release|Any CPU
		{BAA2CBB8-A1E5-4BBF-8455-503C67F5FC42}.Release|Any CPU.Build.0 = Release|Any CPU
		{1B82DA4C-CC79-47E0-AFA9-D04CC79927B3}.Debug|Any CPU.ActiveCfg = Debug|Any CPU
		{1B82DA4C-CC79-47E0-AFA9-D04CC79927B3}.Debug|Any CPU.Build.0 = Debug|Any CPU
		{1B82DA4C-CC79-47E0-AFA9-D04CC79927B3}.Release|Any CPU.ActiveCfg = Release|Any CPU
		{1B82DA4C-CC79-47E0-AFA9-D04CC79927B3}.Release|Any CPU.Build.0 = Release|Any CPU
		{5EA7915D-ED50-475C-A0D6-1DF534488DBB}.Debug|Any CPU.ActiveCfg = Debug|Any CPU
		{5EA7915D-ED50-475C-A0D6-1DF534488DBB}.Debug|Any CPU.Build.0 = Debug|Any CPU
		{5EA7915D-ED50-475C-A0D6-1DF534488DBB}.Release|Any CPU.ActiveCfg = Release|Any CPU
		{5EA7915D-ED50-475C-A0D6-1DF534488DBB}.Release|Any CPU.Build.0 = Release|Any CPU
		{374B15EE-9F24-4977-BDDC-F38EEB2786D1}.Debug|Any CPU.ActiveCfg = Debug|Any CPU
		{374B15EE-9F24-4977-BDDC-F38EEB2786D1}.Debug|Any CPU.Build.0 = Debug|Any CPU
		{374B15EE-9F24-4977-BDDC-F38EEB2786D1}.Release|Any CPU.ActiveCfg = Release|Any CPU
		{374B15EE-9F24-4977-BDDC-F38EEB2786D1}.Release|Any CPU.Build.0 = Release|Any CPU
		{62078710-99F2-4325-9EC2-8436154D09B2}.Debug|Any CPU.ActiveCfg = Debug|Any CPU
		{62078710-99F2-4325-9EC2-8436154D09B2}.Debug|Any CPU.Build.0 = Debug|Any CPU
		{62078710-99F2-4325-9EC2-8436154D09B2}.Release|Any CPU.ActiveCfg = Release|Any CPU
		{62078710-99F2-4325-9EC2-8436154D09B2}.Release|Any CPU.Build.0 = Release|Any CPU
	EndGlobalSection
	GlobalSection(NestedProjects) = preSolution
		{DFFF8CFB-4D56-4B46-9212-08B22F8CA4C8} = {857120D4-0339-4B2A-8599-5F6ED315EEDA}
		{41F51881-D7BC-4B7B-8110-BD112290CBE3} = {857120D4-0339-4B2A-8599-5F6ED315EEDA}
		{BF51ECBE-AF24-4946-B4DC-78A4ADCF07A9} = {857120D4-0339-4B2A-8599-5F6ED315EEDA}
		{279C24AB-1D84-4EF3-93D8-C1BC89C2ACC6} = {857120D4-0339-4B2A-8599-5F6ED315EEDA}
		{201F8645-26FC-463D-91A4-A205451A3942} = {857120D4-0339-4B2A-8599-5F6ED315EEDA}
		{49352BC9-C061-42F4-92CE-90CC54FCA545} = {857120D4-0339-4B2A-8599-5F6ED315EEDA}
		{A14EB474-0CD9-4A2F-98C6-FB0F667DD02B} = {857120D4-0339-4B2A-8599-5F6ED315EEDA}
		{7B564580-1598-4F0E-B162-8C0984306DD5} = {857120D4-0339-4B2A-8599-5F6ED315EEDA}
		{BAA2CBB8-A1E5-4BBF-8455-503C67F5FC42} = {857120D4-0339-4B2A-8599-5F6ED315EEDA}
		{1B82DA4C-CC79-47E0-AFA9-D04CC79927B3} = {857120D4-0339-4B2A-8599-5F6ED315EEDA}
		{5EA7915D-ED50-475C-A0D6-1DF534488DBB} = {857120D4-0339-4B2A-8599-5F6ED315EEDA}
		{374B15EE-9F24-4977-BDDC-F38EEB2786D1} = {857120D4-0339-4B2A-8599-5F6ED315EEDA}
		{62078710-99F2-4325-9EC2-8436154D09B2} = {857120D4-0339-4B2A-8599-5F6ED315EEDA}
	EndGlobalSection
EndGlobal
